<?xml version="1.0" encoding="UTF-8"?>
<CodeBlocks_project_file>
	<FileVersion major="1" minor="6"/>
	<Project>
		<Option title="portal_engine"/>
		<Option makefile_is_custom="1"/>
		<Option compiler="gcc"/>
		<Option virtualFolders="CMake Files\;CMake Files\..\;CMake Files\..\..\;CMake Files\..\..\..\;CMake Files\..\..\..\..\;CMake Files\..\..\..\..\usr\;CMake Files\..\..\..\..\usr\lib\;CMake Files\..\..\..\..\usr\lib\cmake\;CMake Files\..\..\..\..\usr\lib\cmake\glm\;CMake Files\CMake\;"/>
		<Build>
			<Target title="all">
				<Option working_dir="/home/kuksag/clion-projects/portal-engine"/>
				<Option type="4"/>
				<MakeCommands>
					<Build command="/usr/bin/make -f &quot;/home/kuksag/clion-projects/portal-engine/Makefile&quot;  VERBOSE=1 all"/>
					<CompileFile command="/usr/bin/make -f &quot;/home/kuksag/clion-projects/portal-engine/Makefile&quot;  VERBOSE=1 &quot;$file&quot;"/>
					<Clean command="/usr/bin/make -f &quot;/home/kuksag/clion-projects/portal-engine/Makefile&quot;  VERBOSE=1 clean"/>
					<DistClean command="/usr/bin/make -f &quot;/home/kuksag/clion-projects/portal-engine/Makefile&quot;  VERBOSE=1 clean"/>
				</MakeCommands>
			</Target>
			<Target title="rebuild_cache">
				<Option working_dir="/home/kuksag/clion-projects/portal-engine"/>
				<Option type="4"/>
				<MakeCommands>
					<Build command="/usr/bin/make -f &quot;/home/kuksag/clion-projects/portal-engine/Makefile&quot;  VERBOSE=1 rebuild_cache"/>
					<CompileFile command="/usr/bin/make -f &quot;/home/kuksag/clion-projects/portal-engine/Makefile&quot;  VERBOSE=1 &quot;$file&quot;"/>
					<Clean command="/usr/bin/make -f &quot;/home/kuksag/clion-projects/portal-engine/Makefile&quot;  VERBOSE=1 clean"/>
					<DistClean command="/usr/bin/make -f &quot;/home/kuksag/clion-projects/portal-engine/Makefile&quot;  VERBOSE=1 clean"/>
				</MakeCommands>
			</Target>
			<Target title="edit_cache">
				<Option working_dir="/home/kuksag/clion-projects/portal-engine"/>
				<Option type="4"/>
				<MakeCommands>
					<Build command="/usr/bin/make -f &quot;/home/kuksag/clion-projects/portal-engine/Makefile&quot;  VERBOSE=1 edit_cache"/>
					<CompileFile command="/usr/bin/make -f &quot;/home/kuksag/clion-projects/portal-engine/Makefile&quot;  VERBOSE=1 &quot;$file&quot;"/>
					<Clean command="/usr/bin/make -f &quot;/home/kuksag/clion-projects/portal-engine/Makefile&quot;  VERBOSE=1 clean"/>
					<DistClean command="/usr/bin/make -f &quot;/home/kuksag/clion-projects/portal-engine/Makefile&quot;  VERBOSE=1 clean"/>
				</MakeCommands>
			</Target>
			<Target title="main">
				<Option output="/home/kuksag/clion-projects/portal-engine/main" prefix_auto="0" extension_auto="0"/>
				<Option working_dir="/home/kuksag/clion-projects/portal-engine"/>
				<Option object_output="./"/>
				<Option type="1"/>
				<Option compiler="gcc"/>
				<Compiler>
					<Add directory="/home/kuksag/clion-projects/portal-engine/include"/>
					<Add directory="/home/kuksag/clion-projects/portal-engine/src"/>
					<Add directory="/usr/lib/cmake/glm"/>
				</Compiler>
				<MakeCommands>
					<Build command="/usr/bin/make -f &quot;/home/kuksag/clion-projects/portal-engine/Makefile&quot;  VERBOSE=1 main"/>
					<CompileFile command="/usr/bin/make -f &quot;/home/kuksag/clion-projects/portal-engine/Makefile&quot;  VERBOSE=1 &quot;$file&quot;"/>
					<Clean command="/usr/bin/make -f &quot;/home/kuksag/clion-projects/portal-engine/Makefile&quot;  VERBOSE=1 clean"/>
					<DistClean command="/usr/bin/make -f &quot;/home/kuksag/clion-projects/portal-engine/Makefile&quot;  VERBOSE=1 clean"/>
				</MakeCommands>
			</Target>
			<Target title="main/fast">
				<Option output="/home/kuksag/clion-projects/portal-engine/main" prefix_auto="0" extension_auto="0"/>
				<Option working_dir="/home/kuksag/clion-projects/portal-engine"/>
				<Option object_output="./"/>
				<Option type="1"/>
				<Option compiler="gcc"/>
				<Compiler>
					<Add directory="/home/kuksag/clion-projects/portal-engine/include"/>
					<Add directory="/home/kuksag/clion-projects/portal-engine/src"/>
					<Add directory="/usr/lib/cmake/glm"/>
				</Compiler>
				<MakeCommands>
					<Build command="/usr/bin/make -f &quot;/home/kuksag/clion-projects/portal-engine/Makefile&quot;  VERBOSE=1 main/fast"/>
					<CompileFile command="/usr/bin/make -f &quot;/home/kuksag/clion-projects/portal-engine/Makefile&quot;  VERBOSE=1 &quot;$file&quot;"/>
					<Clean command="/usr/bin/make -f &quot;/home/kuksag/clion-projects/portal-engine/Makefile&quot;  VERBOSE=1 clean"/>
					<DistClean command="/usr/bin/make -f &quot;/home/kuksag/clion-projects/portal-engine/Makefile&quot;  VERBOSE=1 clean"/>
				</MakeCommands>
			</Target>
		</Build>
		<Unit filename="/home/kuksag/clion-projects/portal-engine/include/camera.h">
			<Option target="main"/>
		</Unit>
		<Unit filename="/home/kuksag/clion-projects/portal-engine/include/controls.h">
			<Option target="main"/>
		</Unit>
		<Unit filename="/home/kuksag/clion-projects/portal-engine/include/game.h">
			<Option target="main"/>
		</Unit>
		<Unit filename="/home/kuksag/clion-projects/portal-engine/include/settings.h">
			<Option target="main"/>
		</Unit>
		<Unit filename="/home/kuksag/clion-projects/portal-engine/include/shader-loader.h">
			<Option target="main"/>
		</Unit>
		<Unit filename="/home/kuksag/clion-projects/portal-engine/src/camera.cpp">
			<Option target="main"/>
		</Unit>
		<Unit filename="/home/kuksag/clion-projects/portal-engine/src/controls.cpp">
			<Option target="main"/>
		</Unit>
		<Unit filename="/home/kuksag/clion-projects/portal-engine/src/game.cpp">
			<Option target="main"/>
		</Unit>
		<Unit filename="/home/kuksag/clion-projects/portal-engine/src/main.cpp">
			<Option target="main"/>
		</Unit>
		<Unit filename="/home/kuksag/clion-projects/portal-engine/src/shader-loader.cpp">
			<Option target="main"/>
		</Unit>
		<Unit filename="/home/kuksag/clion-projects/portal-engine/CMakeLists.txt">
			<Option virtualFolder="CMake Files\"/>
		</Unit>
		<Unit filename="/home/kuksag/clion-projects/portal-engine/../../../../usr/lib/cmake/glm/glmConfig-version.cmake">
			<Option virtualFolder="CMake Files\..\..\..\..\usr\lib\cmake\glm\"/>
		</Unit>
		<Unit filename="/home/kuksag/clion-projects/portal-engine/../../../../usr/lib/cmake/glm/glmConfig.cmake">
			<Option virtualFolder="CMake Files\..\..\..\..\usr\lib\cmake\glm\"/>
		</Unit>
		<Unit filename="/home/kuksag/clion-projects/portal-engine/CMake/FindGLFW.cmake">
			<Option virtualFolder="CMake Files\CMake\"/>
		</Unit>
	</Project>
</CodeBlocks_project_file>
