<?xml version="1.0" encoding="UTF-8"?>
<CodeBlocks_project_file>
	<FileVersion major="1" minor="6"/>
	<Project>
		<Option title="portal_engine"/>
		<Option makefile_is_custom="1"/>
		<Option compiler="gcc"/>
		<Option virtualFolders="CMake Files\;CMake Files\..\;CMake Files\..\..\;CMake Files\..\..\..\;CMake Files\..\..\..\..\;CMake Files\..\..\..\..\usr\;CMake Files\..\..\..\..\usr\lib\;CMake Files\..\..\..\..\usr\lib\cmake\;CMake Files\..\..\..\..\usr\lib\cmake\glm\;CMake Files\CMake\;"/>
		<Build>
			<Target title="all">
				<Option working_dir="/home/pl/Desktop/MainProject"/>
				<Option type="4"/>
				<MakeCommands>
					<Build command="/usr/bin/make -f &quot;/home/pl/Desktop/MainProject/Makefile&quot;  VERBOSE=1 all"/>
					<CompileFile command="/usr/bin/make -f &quot;/home/pl/Desktop/MainProject/Makefile&quot;  VERBOSE=1 &quot;$file&quot;"/>
					<Clean command="/usr/bin/make -f &quot;/home/pl/Desktop/MainProject/Makefile&quot;  VERBOSE=1 clean"/>
					<DistClean command="/usr/bin/make -f &quot;/home/pl/Desktop/MainProject/Makefile&quot;  VERBOSE=1 clean"/>
				</MakeCommands>
			</Target>
			<Target title="rebuild_cache">
				<Option working_dir="/home/pl/Desktop/MainProject"/>
				<Option type="4"/>
				<MakeCommands>
					<Build command="/usr/bin/make -f &quot;/home/pl/Desktop/MainProject/Makefile&quot;  VERBOSE=1 rebuild_cache"/>
					<CompileFile command="/usr/bin/make -f &quot;/home/pl/Desktop/MainProject/Makefile&quot;  VERBOSE=1 &quot;$file&quot;"/>
					<Clean command="/usr/bin/make -f &quot;/home/pl/Desktop/MainProject/Makefile&quot;  VERBOSE=1 clean"/>
					<DistClean command="/usr/bin/make -f &quot;/home/pl/Desktop/MainProject/Makefile&quot;  VERBOSE=1 clean"/>
				</MakeCommands>
			</Target>
			<Target title="main">
				<Option output="/home/pl/Desktop/MainProject/main" prefix_auto="0" extension_auto="0"/>
				<Option working_dir="/home/pl/Desktop/MainProject"/>
				<Option object_output="./"/>
				<Option type="1"/>
				<Option compiler="gcc"/>
				<Compiler>
					<Add directory="/home/pl/Desktop/MainProject/include"/>
					<Add directory="/home/pl/Desktop/MainProject/include/primitives"/>
					<Add directory="/home/pl/Desktop/MainProject/src"/>
					<Add directory="/usr/local/include/SOIL"/>
					<Add directory="/usr/lib/cmake/glm"/>
				</Compiler>
				<MakeCommands>
					<Build command="/usr/bin/make -f &quot;/home/pl/Desktop/MainProject/Makefile&quot;  VERBOSE=1 main"/>
					<CompileFile command="/usr/bin/make -f &quot;/home/pl/Desktop/MainProject/Makefile&quot;  VERBOSE=1 &quot;$file&quot;"/>
					<Clean command="/usr/bin/make -f &quot;/home/pl/Desktop/MainProject/Makefile&quot;  VERBOSE=1 clean"/>
					<DistClean command="/usr/bin/make -f &quot;/home/pl/Desktop/MainProject/Makefile&quot;  VERBOSE=1 clean"/>
				</MakeCommands>
			</Target>
			<Target title="main/fast">
				<Option output="/home/pl/Desktop/MainProject/main" prefix_auto="0" extension_auto="0"/>
				<Option working_dir="/home/pl/Desktop/MainProject"/>
				<Option object_output="./"/>
				<Option type="1"/>
				<Option compiler="gcc"/>
				<Compiler>
					<Add directory="/home/pl/Desktop/MainProject/include"/>
					<Add directory="/home/pl/Desktop/MainProject/include/primitives"/>
					<Add directory="/home/pl/Desktop/MainProject/src"/>
					<Add directory="/usr/local/include/SOIL"/>
					<Add directory="/usr/lib/cmake/glm"/>
				</Compiler>
				<MakeCommands>
					<Build command="/usr/bin/make -f &quot;/home/pl/Desktop/MainProject/Makefile&quot;  VERBOSE=1 main/fast"/>
					<CompileFile command="/usr/bin/make -f &quot;/home/pl/Desktop/MainProject/Makefile&quot;  VERBOSE=1 &quot;$file&quot;"/>
					<Clean command="/usr/bin/make -f &quot;/home/pl/Desktop/MainProject/Makefile&quot;  VERBOSE=1 clean"/>
					<DistClean command="/usr/bin/make -f &quot;/home/pl/Desktop/MainProject/Makefile&quot;  VERBOSE=1 clean"/>
				</MakeCommands>
			</Target>
			<Target title="edit_cache">
				<Option working_dir="/home/pl/Desktop/MainProject"/>
				<Option type="4"/>
				<MakeCommands>
					<Build command="/usr/bin/make -f &quot;/home/pl/Desktop/MainProject/Makefile&quot;  VERBOSE=1 edit_cache"/>
					<CompileFile command="/usr/bin/make -f &quot;/home/pl/Desktop/MainProject/Makefile&quot;  VERBOSE=1 &quot;$file&quot;"/>
					<Clean command="/usr/bin/make -f &quot;/home/pl/Desktop/MainProject/Makefile&quot;  VERBOSE=1 clean"/>
					<DistClean command="/usr/bin/make -f &quot;/home/pl/Desktop/MainProject/Makefile&quot;  VERBOSE=1 clean"/>
				</MakeCommands>
			</Target>
		</Build>
		<Unit filename="/home/pl/Desktop/MainProject/include/Texture.h">
			<Option target="main"/>
		</Unit>
		<Unit filename="/home/pl/Desktop/MainProject/include/camera.h">
			<Option target="main"/>
		</Unit>
		<Unit filename="/home/pl/Desktop/MainProject/include/controls.h">
			<Option target="main"/>
		</Unit>
		<Unit filename="/home/pl/Desktop/MainProject/include/drawable.h">
			<Option target="main"/>
		</Unit>
		<Unit filename="/home/pl/Desktop/MainProject/include/entity.h">
			<Option target="main"/>
		</Unit>
		<Unit filename="/home/pl/Desktop/MainProject/include/light_source.h">
			<Option target="main"/>
		</Unit>
		<Unit filename="/home/pl/Desktop/MainProject/include/mesh.h">
			<Option target="main"/>
		</Unit>
		<Unit filename="/home/pl/Desktop/MainProject/include/model.h">
			<Option target="main"/>
		</Unit>
		<Unit filename="/home/pl/Desktop/MainProject/include/primitives/cube.h">
			<Option target="main"/>
		</Unit>
		<Unit filename="/home/pl/Desktop/MainProject/include/settings.h">
			<Option target="main"/>
		</Unit>
		<Unit filename="/home/pl/Desktop/MainProject/include/shader.h">
			<Option target="main"/>
		</Unit>
		<Unit filename="/home/pl/Desktop/MainProject/src/Texture.cpp">
			<Option target="main"/>
		</Unit>
		<Unit filename="/home/pl/Desktop/MainProject/src/camera.cpp">
			<Option target="main"/>
		</Unit>
		<Unit filename="/home/pl/Desktop/MainProject/src/controls.cpp">
			<Option target="main"/>
		</Unit>
		<Unit filename="/home/pl/Desktop/MainProject/src/drawable.cpp">
			<Option target="main"/>
		</Unit>
		<Unit filename="/home/pl/Desktop/MainProject/src/entity.cpp">
			<Option target="main"/>
		</Unit>
		<Unit filename="/home/pl/Desktop/MainProject/src/light_source.cpp">
			<Option target="main"/>
		</Unit>
		<Unit filename="/home/pl/Desktop/MainProject/src/main.cpp">
			<Option target="main"/>
		</Unit>
		<Unit filename="/home/pl/Desktop/MainProject/src/mesh.cpp">
			<Option target="main"/>
		</Unit>
		<Unit filename="/home/pl/Desktop/MainProject/src/model.cpp">
			<Option target="main"/>
		</Unit>
		<Unit filename="/home/pl/Desktop/MainProject/src/primitives/cube.cpp">
			<Option target="main"/>
		</Unit>
		<Unit filename="/home/pl/Desktop/MainProject/src/shader.cpp">
			<Option target="main"/>
		</Unit>
		<Unit filename="/home/pl/Desktop/MainProject/CMakeLists.txt">
			<Option virtualFolder="CMake Files\"/>
		</Unit>
		<Unit filename="/home/pl/Desktop/MainProject/../../../../usr/lib/cmake/glm/glmConfig-version.cmake">
			<Option virtualFolder="CMake Files\..\..\..\..\usr\lib\cmake\glm\"/>
		</Unit>
		<Unit filename="/home/pl/Desktop/MainProject/../../../../usr/lib/cmake/glm/glmConfig.cmake">
			<Option virtualFolder="CMake Files\..\..\..\..\usr\lib\cmake\glm\"/>
		</Unit>
		<Unit filename="/home/pl/Desktop/MainProject/CMake/FindGLFW.cmake">
			<Option virtualFolder="CMake Files\CMake\"/>
		</Unit>
		<Unit filename="/home/pl/Desktop/MainProject/CMake/FindSOIL.cmake">
			<Option virtualFolder="CMake Files\CMake\"/>
		</Unit>
	</Project>
</CodeBlocks_project_file>
